// !$*UTF8*$!
{
	archiveVersion = 1;
	classes = {
	};
	objectVersion = 90;
	objects = {

/* Begin PBXBuildFile section */
		240F23E529C46D2C00B01778 /* KeychainAccess in Frameworks */ = {isa = PBXBuildFile; productRef = 240F23E429C46D2C00B01778 /* KeychainAccess */; };
/* End PBXBuildFile section */

/* Begin PBXContainerItemProxy section */
		2467A54029C36F77001470A3 /* PBXContainerItemProxy */ = {
			isa = PBXContainerItemProxy;
			containerPortal = 2467A52629C36F76001470A3 /* Project object */;
			proxyType = 1;
			remoteGlobalIDString = 2467A52D29C36F76001470A3;
			remoteInfo = ModulbankInformer;
		};
		2467A54A29C36F77001470A3 /* PBXContainerItemProxy */ = {
			isa = PBXContainerItemProxy;
			containerPortal = 2467A52629C36F76001470A3 /* Project object */;
			proxyType = 1;
			remoteGlobalIDString = 2467A52D29C36F76001470A3;
			remoteInfo = ModulbankInformer;
		};
/* End PBXContainerItemProxy section */

/* Begin PBXFileReference section */
		2467A52E29C36F76001470A3 /* ModulbankInformer.app */ = {isa = PBXFileReference; explicitFileType = wrapper.application; includeInIndex = 0; path = ModulbankInformer.app; sourceTree = BUILT_PRODUCTS_DIR; };
		2467A53F29C36F77001470A3 /* ModulbankInformerTests.xctest */ = {isa = PBXFileReference; explicitFileType = wrapper.cfbundle; includeInIndex = 0; path = ModulbankInformerTests.xctest; sourceTree = BUILT_PRODUCTS_DIR; };
		2467A54929C36F77001470A3 /* ModulbankInformerUITests.xctest */ = {isa = PBXFileReference; explicitFileType = wrapper.cfbundle; includeInIndex = 0; path = ModulbankInformerUITests.xctest; sourceTree = BUILT_PRODUCTS_DIR; };
/* End PBXFileReference section */

/* Begin PBXFileSystemSynchronizedBuildFileExceptionSet section */
		24B3B04E2DDA2283008710FD /* Exceptions for "ModulbankInformer" folder in "ModulbankInformer" target */ = {
			isa = PBXFileSystemSynchronizedBuildFileExceptionSet;
			membershipExceptions = (
				Info.plist,
			);
			target = 2467A52D29C36F76001470A3 /* ModulbankInformer */;
		};
/* End PBXFileSystemSynchronizedBuildFileExceptionSet section */

/* Begin PBXFileSystemSynchronizedRootGroup section */
		24B3B0442DDA2283008710FD /* ModulbankInformer */ = {
			isa = PBXFileSystemSynchronizedRootGroup;
			exceptions = (
				24B3B04E2DDA2283008710FD /* Exceptions for "ModulbankInformer" folder in "ModulbankInformer" target */,
			);
			path = ModulbankInformer;
			sourceTree = "<group>";
		};
		24B3B0502DDA2288008710FD /* ModulbankInformerTests */ = {
			isa = PBXFileSystemSynchronizedRootGroup;
			path = ModulbankInformerTests;
			sourceTree = "<group>";
		};
		24B3B0542DDA228A008710FD /* ModulbankInformerUITests */ = {
			isa = PBXFileSystemSynchronizedRootGroup;
			path = ModulbankInformerUITests;
			sourceTree = "<group>";
		};
/* End PBXFileSystemSynchronizedRootGroup section */

/* Begin PBXFrameworksBuildPhase section */
		2467A52B29C36F76001470A3 /* Frameworks */ = {
			isa = PBXFrameworksBuildPhase;
			files = (
				240F23E529C46D2C00B01778 /* KeychainAccess in Frameworks */,
			);
		};
		2467A53C29C36F77001470A3 /* Frameworks */ = {
			isa = PBXFrameworksBuildPhase;
			files = (
			);
		};
		2467A54629C36F77001470A3 /* Frameworks */ = {
			isa = PBXFrameworksBuildPhase;
			files = (
			);
		};
/* End PBXFrameworksBuildPhase section */

/* Begin PBXGroup section */
		2467A52529C36F76001470A3 = {
			isa = PBXGroup;
			children = (
				24B3B0442DDA2283008710FD /* ModulbankInformer */,
				24B3B0502DDA2288008710FD /* ModulbankInformerTests */,
				24B3B0542DDA228A008710FD /* ModulbankInformerUITests */,
				2467A52F29C36F76001470A3 /* Products */,
			);
			sourceTree = "<group>";
		};
		2467A52F29C36F76001470A3 /* Products */ = {
			isa = PBXGroup;
			children = (
				2467A52E29C36F76001470A3 /* ModulbankInformer.app */,
				2467A53F29C36F77001470A3 /* ModulbankInformerTests.xctest */,
				2467A54929C36F77001470A3 /* ModulbankInformerUITests.xctest */,
			);
			name = Products;
			sourceTree = "<group>";
		};
/* End PBXGroup section */

/* Begin PBXNativeTarget section */
		2467A52D29C36F76001470A3 /* ModulbankInformer */ = {
			isa = PBXNativeTarget;
			buildConfigurationList = 2467A55329C36F77001470A3 /* Build configuration list for PBXNativeTarget "ModulbankInformer" */;
			buildPhases = (
				2467A52A29C36F76001470A3 /* Sources */,
				2467A52B29C36F76001470A3 /* Frameworks */,
				2467A52C29C36F76001470A3 /* Resources */,
			);
			buildRules = (
			);
			fileSystemSynchronizedGroups = (
				24B3B0442DDA2283008710FD /* ModulbankInformer */,
			);
			name = ModulbankInformer;
			packageProductDependencies = (
				240F23E429C46D2C00B01778 /* KeychainAccess */,
			);
			productName = ModulbankInformer;
			productReference = 2467A52E29C36F76001470A3 /* ModulbankInformer.app */;
			productType = "com.apple.product-type.application";
		};
		2467A53E29C36F77001470A3 /* ModulbankInformerTests */ = {
			isa = PBXNativeTarget;
			buildConfigurationList = 2467A55629C36F77001470A3 /* Build configuration list for PBXNativeTarget "ModulbankInformerTests" */;
			buildPhases = (
				2467A53B29C36F77001470A3 /* Sources */,
				2467A53C29C36F77001470A3 /* Frameworks */,
				2467A53D29C36F77001470A3 /* Resources */,
			);
			buildRules = (
			);
			dependencies = (
				2467A54129C36F77001470A3 /* PBXTargetDependency */,
			);
			fileSystemSynchronizedGroups = (
				24B3B0502DDA2288008710FD /* ModulbankInformerTests */,
			);
			name = ModulbankInformerTests;
			productName = ModulbankInformerTests;
			productReference = 2467A53F29C36F77001470A3 /* ModulbankInformerTests.xctest */;
			productType = "com.apple.product-type.bundle.unit-test";
		};
		2467A54829C36F77001470A3 /* ModulbankInformerUITests */ = {
			isa = PBXNativeTarget;
			buildConfigurationList = 2467A55929C36F77001470A3 /* Build configuration list for PBXNativeTarget "ModulbankInformerUITests" */;
			buildPhases = (
				2467A54529C36F77001470A3 /* Sources */,
				2467A54629C36F77001470A3 /* Frameworks */,
				2467A54729C36F77001470A3 /* Resources */,
			);
			buildRules = (
			);
			dependencies = (
				2467A54B29C36F77001470A3 /* PBXTargetDependency */,
			);
			fileSystemSynchronizedGroups = (
				24B3B0542DDA228A008710FD /* ModulbankInformerUITests */,
			);
			name = ModulbankInformerUITests;
			productName = ModulbankInformerUITests;
			productReference = 2467A54929C36F77001470A3 /* ModulbankInformerUITests.xctest */;
			productType = "com.apple.product-type.bundle.ui-testing";
		};
/* End PBXNativeTarget section */

/* Begin PBXProject section */
		2467A52629C36F76001470A3 /* Project object */ = {
			isa = PBXProject;
			attributes = {
				BuildIndependentTargetsInParallel = 1;
				LastSwiftUpdateCheck = 1420;
				LastUpgradeCheck = 2610;
				TargetAttributes = {
					2467A52D29C36F76001470A3 = {
						CreatedOnToolsVersion = 14.2;
					};
					2467A53E29C36F77001470A3 = {
						CreatedOnToolsVersion = 14.2;
						TestTargetID = 2467A52D29C36F76001470A3;
					};
					2467A54829C36F77001470A3 = {
						CreatedOnToolsVersion = 14.2;
						TestTargetID = 2467A52D29C36F76001470A3;
					};
				};
			};
			buildConfigurationList = 2467A52929C36F76001470A3 /* Build configuration list for PBXProject "ModulbankInformer" */;
			developmentRegion = en;
			hasScannedForEncodings = 0;
			knownRegions = (
				en,
				Base,
			);
			mainGroup = 2467A52529C36F76001470A3;
			packageReferences = (
				240F23E329C46D2C00B01778 /* XCRemoteSwiftPackageReference "KeychainAccess" */,
			);
			preferredProjectObjectVersion = 90;
			productRefGroup = 2467A52F29C36F76001470A3 /* Products */;
			projectDirPath = "";
			projectRoot = "";
			targets = (
				2467A52D29C36F76001470A3 /* ModulbankInformer */,
				2467A53E29C36F77001470A3 /* ModulbankInformerTests */,
				2467A54829C36F77001470A3 /* ModulbankInformerUITests */,
			);
		};
/* End PBXProject section */

/* Begin PBXResourcesBuildPhase section */
		2467A52C29C36F76001470A3 /* Resources */ = {
			isa = PBXResourcesBuildPhase;
			files = (
			);
		};
		2467A53D29C36F77001470A3 /* Resources */ = {
			isa = PBXResourcesBuildPhase;
			files = (
			);
		};
		2467A54729C36F77001470A3 /* Resources */ = {
			isa = PBXResourcesBuildPhase;
			files = (
			);
		};
/* End PBXResourcesBuildPhase section */

/* Begin PBXSourcesBuildPhase section */
		2467A52A29C36F76001470A3 /* Sources */ = {
			isa = PBXSourcesBuildPhase;
			files = (
			);
		};
		2467A53B29C36F77001470A3 /* Sources */ = {
			isa = PBXSourcesBuildPhase;
			files = (
			);
		};
		2467A54529C36F77001470A3 /* Sources */ = {
			isa = PBXSourcesBuildPhase;
			files = (
			);
		};
/* End PBXSourcesBuildPhase section */

/* Begin PBXTargetDependency section */
		2467A54129C36F77001470A3 /* PBXTargetDependency */ = {
			isa = PBXTargetDependency;
			target = 2467A52D29C36F76001470A3 /* ModulbankInformer */;
			targetProxy = 2467A54029C36F77001470A3 /* PBXContainerItemProxy */;
		};
		2467A54B29C36F77001470A3 /* PBXTargetDependency */ = {
			isa = PBXTargetDependency;
			target = 2467A52D29C36F76001470A3 /* ModulbankInformer */;
			targetProxy = 2467A54A29C36F77001470A3 /* PBXContainerItemProxy */;
		};
/* End PBXTargetDependency section */

/* Begin XCBuildConfiguration section */
		2467A55129C36F77001470A3 /* Debug configuration for PBXProject "ModulbankInformer" */ = {
			isa = XCBuildConfiguration;
			buildSettings = {
				ALWAYS_SEARCH_USER_PATHS = NO;
				ASSETCATALOG_COMPILER_GENERATE_SWIFT_ASSET_SYMBOL_EXTENSIONS = YES;
				CLANG_ANALYZER_NONNULL = YES;
				CLANG_ANALYZER_NUMBER_OBJECT_CONVERSION = YES_AGGRESSIVE;
				CLANG_CXX_LANGUAGE_STANDARD = "gnu++20";
				CLANG_ENABLE_MODULES = YES;
				CLANG_ENABLE_OBJC_ARC = YES;
				CLANG_ENABLE_OBJC_WEAK = YES;
				CLANG_WARN_BLOCK_CAPTURE_AUTORELEASING = YES;
				CLANG_WARN_BOOL_CONVERSION = YES;
				CLANG_WARN_COMMA = YES;
				CLANG_WARN_CONSTANT_CONVERSION = YES;
				CLANG_WARN_DEPRECATED_OBJC_IMPLEMENTATIONS = YES;
				CLANG_WARN_DIRECT_OBJC_ISA_USAGE = YES_ERROR;
				CLANG_WARN_DOCUMENTATION_COMMENTS = YES;
				CLANG_WARN_EMPTY_BODY = YES;
				CLANG_WARN_ENUM_CONVERSION = YES;
				CLANG_WARN_INFINITE_RECURSION = YES;
				CLANG_WARN_INT_CONVERSION = YES;
				CLANG_WARN_NON_LITERAL_NULL_CONVERSION = YES;
				CLANG_WARN_OBJC_IMPLICIT_RETAIN_SELF = YES;
				CLANG_WARN_OBJC_LITERAL_CONVERSION = YES;
				CLANG_WARN_OBJC_ROOT_CLASS = YES_ERROR;
				CLANG_WARN_QUOTED_INCLUDE_IN_FRAMEWORK_HEADER = YES;
				CLANG_WARN_RANGE_LOOP_ANALYSIS = YES;
				CLANG_WARN_STRICT_PROTOTYPES = YES;
				CLANG_WARN_SUSPICIOUS_MOVE = YES;
				CLANG_WARN_UNGUARDED_AVAILABILITY = YES_AGGRESSIVE;
				CLANG_WARN_UNREACHABLE_CODE = YES;
				CLANG_WARN__DUPLICATE_METHOD_MATCH = YES;
				COPY_PHASE_STRIP = NO;
				DEAD_CODE_STRIPPING = YES;
				DEBUG_INFORMATION_FORMAT = dwarf;
				DEVELOPMENT_TEAM = 345VKAJA5N;
				ENABLE_STRICT_OBJC_MSGSEND = YES;
				ENABLE_TESTABILITY = YES;
				ENABLE_USER_SCRIPT_SANDBOXING = YES;
				GCC_C_LANGUAGE_STANDARD = gnu11;
				GCC_DYNAMIC_NO_PIC = NO;
				GCC_NO_COMMON_BLOCKS = YES;
				GCC_OPTIMIZATION_LEVEL = 0;
				GCC_PREPROCESSOR_DEFINITIONS = (
					"DEBUG=1",
					"$(inherited)",
				);
				GCC_WARN_64_TO_32_BIT_CONVERSION = YES;
				GCC_WARN_ABOUT_RETURN_TYPE = YES_ERROR;
				GCC_WARN_UNDECLARED_SELECTOR = YES;
				GCC_WARN_UNINITIALIZED_AUTOS = YES_AGGRESSIVE;
				GCC_WARN_UNUSED_FUNCTION = YES;
				GCC_WARN_UNUSED_VARIABLE = YES;
				MACOSX_DEPLOYMENT_TARGET = 13.1;
				MTL_ENABLE_DEBUG_INFO = INCLUDE_SOURCE;
				MTL_FAST_MATH = YES;
				ONLY_ACTIVE_ARCH = YES;
				SDKROOT = macosx;
				STRING_CATALOG_GENERATE_SYMBOLS = YES;
				SWIFT_ACTIVE_COMPILATION_CONDITIONS = DEBUG;
				SWIFT_OPTIMIZATION_LEVEL = "-Onone";
			};
			name = Debug;
		};
		2467A55229C36F77001470A3 /* Release configuration for PBXProject "ModulbankInformer" */ = {
			isa = XCBuildConfiguration;
			buildSettings = {
				ALWAYS_SEARCH_USER_PATHS = NO;
				ASSETCATALOG_COMPILER_GENERATE_SWIFT_ASSET_SYMBOL_EXTENSIONS = YES;
				CLANG_ANALYZER_NONNULL = YES;
				CLANG_ANALYZER_NUMBER_OBJECT_CONVERSION = YES_AGGRESSIVE;
				CLANG_CXX_LANGUAGE_STANDARD = "gnu++20";
				CLANG_ENABLE_MODULES = YES;
				CLANG_ENABLE_OBJC_ARC = YES;
				CLANG_ENABLE_OBJC_WEAK = YES;
				CLANG_WARN_BLOCK_CAPTURE_AUTORELEASING = YES;
				CLANG_WARN_BOOL_CONVERSION = YES;
				CLANG_WARN_COMMA = YES;
				CLANG_WARN_CONSTANT_CONVERSION = YES;
				CLANG_WARN_DEPRECATED_OBJC_IMPLEMENTATIONS = YES;
				CLANG_WARN_DIRECT_OBJC_ISA_USAGE = YES_ERROR;
				CLANG_WARN_DOCUMENTATION_COMMENTS = YES;
				CLANG_WARN_EMPTY_BODY = YES;
				CLANG_WARN_ENUM_CONVERSION = YES;
				CLANG_WARN_INFINITE_RECURSION = YES;
				CLANG_WARN_INT_CONVERSION = YES;
				CLANG_WARN_NON_LITERAL_NULL_CONVERSION = YES;
				CLANG_WARN_OBJC_IMPLICIT_RETAIN_SELF = YES;
				CLANG_WARN_OBJC_LITERAL_CONVERSION = YES;
				CLANG_WARN_OBJC_ROOT_CLASS = YES_ERROR;
				CLANG_WARN_QUOTED_INCLUDE_IN_FRAMEWORK_HEADER = YES;
				CLANG_WARN_RANGE_LOOP_ANALYSIS = YES;
				CLANG_WARN_STRICT_PROTOTYPES = YES;
				CLANG_WARN_SUSPICIOUS_MOVE = YES;
				CLANG_WARN_UNGUARDED_AVAILABILITY = YES_AGGRESSIVE;
				CLANG_WARN_UNREACHABLE_CODE = YES;
				CLANG_WARN__DUPLICATE_METHOD_MATCH = YES;
				COPY_PHASE_STRIP = NO;
				DEAD_CODE_STRIPPING = YES;
				DEBUG_INFORMATION_FORMAT = "dwarf-with-dsym";
				DEVELOPMENT_TEAM = 345VKAJA5N;
				ENABLE_NS_ASSERTIONS = NO;
				ENABLE_STRICT_OBJC_MSGSEND = YES;
				ENABLE_USER_SCRIPT_SANDBOXING = YES;
				GCC_C_LANGUAGE_STANDARD = gnu11;
				GCC_NO_COMMON_BLOCKS = YES;
				GCC_WARN_64_TO_32_BIT_CONVERSION = YES;
				GCC_WARN_ABOUT_RETURN_TYPE = YES_ERROR;
				GCC_WARN_UNDECLARED_SELECTOR = YES;
				GCC_WARN_UNINITIALIZED_AUTOS = YES_AGGRESSIVE;
				GCC_WARN_UNUSED_FUNCTION = YES;
				GCC_WARN_UNUSED_VARIABLE = YES;
				MACOSX_DEPLOYMENT_TARGET = 13.1;
				MTL_ENABLE_DEBUG_INFO = NO;
				MTL_FAST_MATH = YES;
				SDKROOT = macosx;
				STRING_CATALOG_GENERATE_SYMBOLS = YES;
				SWIFT_COMPILATION_MODE = wholemodule;
				SWIFT_OPTIMIZATION_LEVEL = "-O";
			};
			name = Release;
		};
		2467A55429C36F77001470A3 /* Debug configuration for PBXNativeTarget "ModulbankInformer" */ = {
			isa = XCBuildConfiguration;
			buildSettings = {
				ASSETCATALOG_COMPILER_APPICON_NAME = AppIcon;
				ASSETCATALOG_COMPILER_GLOBAL_ACCENT_COLOR_NAME = AccentColor;
				CODE_SIGN_ENTITLEMENTS = ModulbankInformer/ModulbankInformer.entitlements;
				CODE_SIGN_STYLE = Automatic;
				COMBINE_HIDPI_IMAGES = YES;
				CURRENT_PROJECT_VERSION = 8;
				DEAD_CODE_STRIPPING = YES;
				DEVELOPMENT_ASSET_PATHS = "\"ModulbankInformer/Preview Content\"";
				ENABLE_APP_SANDBOX = YES;
				ENABLE_HARDENED_RUNTIME = YES;
				ENABLE_OUTGOING_NETWORK_CONNECTIONS = YES;
				ENABLE_PREVIEWS = YES;
				ENABLE_USER_SELECTED_FILES = readonly;
				GENERATE_INFOPLIST_FILE = YES;
				INFOPLIST_FILE = ModulbankInformer/Info.plist;
				INFOPLIST_KEY_CFBundleDisplayName = "Модульбанк Информер";
				INFOPLIST_KEY_LSApplicationCategoryType = "public.app-category.finance";
				INFOPLIST_KEY_NSHumanReadableCopyright = "";
				LD_RUNPATH_SEARCH_PATHS = (
					"$(inherited)",
					"@executable_path/../Frameworks",
				);
				MACOSX_DEPLOYMENT_TARGET = 13.0;
				MARKETING_VERSION = 1.4;
				PRODUCT_BUNDLE_IDENTIFIER = me.spaceinbox.ModulbankInformer;
				PRODUCT_NAME = "$(TARGET_NAME)";
				SWIFT_EMIT_LOC_STRINGS = YES;
				SWIFT_VERSION = 6.0;
			};
			name = Debug;
		};
		2467A55529C36F77001470A3 /* Release configuration for PBXNativeTarget "ModulbankInformer" */ = {
			isa = XCBuildConfiguration;
			buildSettings = {
				ASSETCATALOG_COMPILER_APPICON_NAME = AppIcon;
				ASSETCATALOG_COMPILER_GLOBAL_ACCENT_COLOR_NAME = AccentColor;
				CODE_SIGN_ENTITLEMENTS = ModulbankInformer/ModulbankInformer.entitlements;
				CODE_SIGN_STYLE = Automatic;
				COMBINE_HIDPI_IMAGES = YES;
				CURRENT_PROJECT_VERSION = 8;
				DEAD_CODE_STRIPPING = YES;
				DEVELOPMENT_ASSET_PATHS = "\"ModulbankInformer/Preview Content\"";
				ENABLE_APP_SANDBOX = YES;
				ENABLE_HARDENED_RUNTIME = YES;
				ENABLE_OUTGOING_NETWORK_CONNECTIONS = YES;
				ENABLE_PREVIEWS = YES;
				ENABLE_USER_SELECTED_FILES = readonly;
				GENERATE_INFOPLIST_FILE = YES;
				INFOPLIST_FILE = ModulbankInformer/Info.plist;
				INFOPLIST_KEY_CFBundleDisplayName = "Модульбанк Информер";
				INFOPLIST_KEY_LSApplicationCategoryType = "public.app-category.finance";
				INFOPLIST_KEY_NSHumanReadableCopyright = "";
				LD_RUNPATH_SEARCH_PATHS = (
					"$(inherited)",
					"@executable_path/../Frameworks",
				);
				MACOSX_DEPLOYMENT_TARGET = 13.0;
				MARKETING_VERSION = 1.4;
				PRODUCT_BUNDLE_IDENTIFIER = me.spaceinbox.ModulbankInformer;
				PRODUCT_NAME = "$(TARGET_NAME)";
				SWIFT_EMIT_LOC_STRINGS = YES;
				SWIFT_VERSION = 6.0;
			};
			name = Release;
		};
		2467A55729C36F77001470A3 /* Debug configuration for PBXNativeTarget "ModulbankInformerTests" */ = {
			isa = XCBuildConfiguration;
			buildSettings = {
				BUNDLE_LOADER = "$(TEST_HOST)";
				CODE_SIGN_STYLE = Automatic;
				CURRENT_PROJECT_VERSION = 1;
				DEAD_CODE_STRIPPING = YES;
				GENERATE_INFOPLIST_FILE = YES;
				MACOSX_DEPLOYMENT_TARGET = 13.1;
				MARKETING_VERSION = 1.0;
				PRODUCT_BUNDLE_IDENTIFIER = me.spaceinbox.ModulbankInformerTests;
				PRODUCT_NAME = "$(TARGET_NAME)";
				SWIFT_EMIT_LOC_STRINGS = NO;
				SWIFT_VERSION = 5.0;
				TEST_HOST = "$(BUILT_PRODUCTS_DIR)/ModulbankInformer.app/$(BUNDLE_EXECUTABLE_FOLDER_PATH)/ModulbankInformer";
			};
			name = Debug;
		};
		2467A55829C36F77001470A3 /* Release configuration for PBXNativeTarget "ModulbankInformerTests" */ = {
			isa = XCBuildConfiguration;
			buildSettings = {
				BUNDLE_LOADER = "$(TEST_HOST)";
				CODE_SIGN_STYLE = Automatic;
				CURRENT_PROJECT_VERSION = 1;
				DEAD_CODE_STRIPPING = YES;
				GENERATE_INFOPLIST_FILE = YES;
				MACOSX_DEPLOYMENT_TARGET = 13.1;
				MARKETING_VERSION = 1.0;
				PRODUCT_BUNDLE_IDENTIFIER = me.spaceinbox.ModulbankInformerTests;
				PRODUCT_NAME = "$(TARGET_NAME)";
				SWIFT_EMIT_LOC_STRINGS = NO;
				SWIFT_VERSION = 5.0;
				TEST_HOST = "$(BUILT_PRODUCTS_DIR)/ModulbankInformer.app/$(BUNDLE_EXECUTABLE_FOLDER_PATH)/ModulbankInformer";
			};
			name = Release;
		};
		2467A55A29C36F77001470A3 /* Debug configuration for PBXNativeTarget "ModulbankInformerUITests" */ = {
			isa = XCBuildConfiguration;
			buildSettings = {
				CODE_SIGN_STYLE = Automatic;
				CURRENT_PROJECT_VERSION = 1;
				DEAD_CODE_STRIPPING = YES;
				GENERATE_INFOPLIST_FILE = YES;
				MARKETING_VERSION = 1.0;
				PRODUCT_BUNDLE_IDENTIFIER = me.spaceinbox.ModulbankInformerUITests;
				PRODUCT_NAME = "$(TARGET_NAME)";
				SWIFT_EMIT_LOC_STRINGS = NO;
				SWIFT_VERSION = 5.0;
				TEST_TARGET_NAME = ModulbankInformer;
			};
			name = Debug;
		};
		2467A55B29C36F77001470A3 /* Release configuration for PBXNativeTarget "ModulbankInformerUITests" */ = {
			isa = XCBuildConfiguration;
			buildSettings = {
				CODE_SIGN_STYLE = Automatic;
				CURRENT_PROJECT_VERSION = 1;
				DEAD_CODE_STRIPPING = YES;
				GENERATE_INFOPLIST_FILE = YES;
				MARKETING_VERSION = 1.0;
				PRODUCT_BUNDLE_IDENTIFIER = me.spaceinbox.ModulbankInformerUITests;
				PRODUCT_NAME = "$(TARGET_NAME)";
				SWIFT_EMIT_LOC_STRINGS = NO;
				SWIFT_VERSION = 5.0;
				TEST_TARGET_NAME = ModulbankInformer;
			};
			name = Release;
		};
/* End XCBuildConfiguration section */

/* Begin XCConfigurationList section */
		2467A52929C36F76001470A3 /* Build configuration list for PBXProject "ModulbankInformer" */ = {
			isa = XCConfigurationList;
			buildConfigurations = (
				2467A55129C36F77001470A3 /* Debug configuration for PBXProject "ModulbankInformer" */,
				2467A55229C36F77001470A3 /* Release configuration for PBXProject "ModulbankInformer" */,
			);
			defaultConfigurationName = Release;
		};
		2467A55329C36F77001470A3 /* Build configuration list for PBXNativeTarget "ModulbankInformer" */ = {
			isa = XCConfigurationList;
			buildConfigurations = (
				2467A55429C36F77001470A3 /* Debug configuration for PBXNativeTarget "ModulbankInformer" */,
				2467A55529C36F77001470A3 /* Release configuration for PBXNativeTarget "ModulbankInformer" */,
			);
			defaultConfigurationName = Release;
		};
		2467A55629C36F77001470A3 /* Build configuration list for PBXNativeTarget "ModulbankInformerTests" */ = {
			isa = XCConfigurationList;
			buildConfigurations = (
				2467A55729C36F77001470A3 /* Debug configuration for PBXNativeTarget "ModulbankInformerTests" */,
				2467A55829C36F77001470A3 /* Release configuration for PBXNativeTarget "ModulbankInformerTests" */,
			);
			defaultConfigurationName = Release;
		};
		2467A55929C36F77001470A3 /* Build configuration list for PBXNativeTarget "ModulbankInformerUITests" */ = {
			isa = XCConfigurationList;
			buildConfigurations = (
				2467A55A29C36F77001470A3 /* Debug configuration for PBXNativeTarget "ModulbankInformerUITests" */,
				2467A55B29C36F77001470A3 /* Release configuration for PBXNativeTarget "ModulbankInformerUITests" */,
			);
			defaultConfigurationName = Release;
		};
/* End XCConfigurationList section */

/* Begin XCRemoteSwiftPackageReference section */
		240F23E329C46D2C00B01778 /* XCRemoteSwiftPackageReference "KeychainAccess" */ = {
			isa = XCRemoteSwiftPackageReference;
			repositoryURL = "https://github.com/kishikawakatsumi/KeychainAccess";
			requirement = {
				branch = master;
				kind = branch;
			};
		};
/* End XCRemoteSwiftPackageReference section */

/* Begin XCSwiftPackageProductDependency section */
		240F23E429C46D2C00B01778 /* KeychainAccess */ = {
			isa = XCSwiftPackageProductDependency;
			package = 240F23E329C46D2C00B01778 /* XCRemoteSwiftPackageReference "KeychainAccess" */;
			productName = KeychainAccess;
		};
/* End XCSwiftPackageProductDependency section */
	};
	rootObject = 2467A52629C36F76001470A3 /* Project object */;
}
