// !$*UTF8*$!
{
	archiveVersion = 1;
	classes = {
	};
	objectVersion = 60;
	objects = {

/* Begin PBXBuildFile section */
		240F23E529C46D2C00B01778 /* KeychainAccess in Frameworks */ = {isa = PBXBuildFile; productRef = 240F23E429C46D2C00B01778 /* KeychainAccess */; };
		240F23E729C46D4200B01778 /* KeyStore.swift in Sources */ = {isa = PBXBuildFile; fileRef = 240F23E629C46D4200B01778 /* KeyStore.swift */; };
		2467A53229C36F76001470A3 /* ModulbankInformerApp.swift in Sources */ = {isa = PBXBuildFile; fileRef = 2467A53129C36F76001470A3 /* ModulbankInformerApp.swift */; };
		2467A53429C36F76001470A3 /* ContentView.swift in Sources */ = {isa = PBXBuildFile; fileRef = 2467A53329C36F76001470A3 /* ContentView.swift */; };
		2467A53629C36F77001470A3 /* Assets.xcassets in Resources */ = {isa = PBXBuildFile; fileRef = 2467A53529C36F77001470A3 /* Assets.xcassets */; };
		2467A53929C36F77001470A3 /* Preview Assets.xcassets in Resources */ = {isa = PBXBuildFile; fileRef = 2467A53829C36F77001470A3 /* Preview Assets.xcassets */; };
		2467A54429C36F77001470A3 /* ModelsTests.swift in Sources */ = {isa = PBXBuildFile; fileRef = 2467A54329C36F77001470A3 /* ModelsTests.swift */; };
		2467A54E29C36F77001470A3 /* ModulbankInformerUITests.swift in Sources */ = {isa = PBXBuildFile; fileRef = 2467A54D29C36F77001470A3 /* ModulbankInformerUITests.swift */; };
		2467A55029C36F77001470A3 /* ModulbankInformerUITestsLaunchTests.swift in Sources */ = {isa = PBXBuildFile; fileRef = 2467A54F29C36F77001470A3 /* ModulbankInformerUITestsLaunchTests.swift */; };
		2467A55D29C36F99001470A3 /* APIStore.swift in Sources */ = {isa = PBXBuildFile; fileRef = 2467A55C29C36F99001470A3 /* APIStore.swift */; };
		2467A56029C3714A001470A3 /* BankAccount.swift in Sources */ = {isa = PBXBuildFile; fileRef = 2467A55F29C3714A001470A3 /* BankAccount.swift */; };
		2467A56229C377F1001470A3 /* AccountInfo.swift in Sources */ = {isa = PBXBuildFile; fileRef = 2467A56129C377F1001470A3 /* AccountInfo.swift */; };
/* End PBXBuildFile section */

/* Begin PBXContainerItemProxy section */
		2467A54029C36F77001470A3 /* PBXContainerItemProxy */ = {
			isa = PBXContainerItemProxy;
			containerPortal = 2467A52629C36F76001470A3 /* Project object */;
			proxyType = 1;
			remoteGlobalIDString = 2467A52D29C36F76001470A3;
			remoteInfo = ModulbankInformer;
		};
		2467A54A29C36F77001470A3 /* PBXContainerItemProxy */ = {
			isa = PBXContainerItemProxy;
			containerPortal = 2467A52629C36F76001470A3 /* Project object */;
			proxyType = 1;
			remoteGlobalIDString = 2467A52D29C36F76001470A3;
			remoteInfo = ModulbankInformer;
		};
/* End PBXContainerItemProxy section */

/* Begin PBXFileReference section */
		240F23E629C46D4200B01778 /* KeyStore.swift */ = {isa = PBXFileReference; lastKnownFileType = sourcecode.swift; path = KeyStore.swift; sourceTree = "<group>"; };
		2467A52E29C36F76001470A3 /* ModulbankInformer.app */ = {isa = PBXFileReference; explicitFileType = wrapper.application; includeInIndex = 0; path = ModulbankInformer.app; sourceTree = BUILT_PRODUCTS_DIR; };
		2467A53129C36F76001470A3 /* ModulbankInformerApp.swift */ = {isa = PBXFileReference; lastKnownFileType = sourcecode.swift; path = ModulbankInformerApp.swift; sourceTree = "<group>"; };
		2467A53329C36F76001470A3 /* ContentView.swift */ = {isa = PBXFileReference; lastKnownFileType = sourcecode.swift; path = ContentView.swift; sourceTree = "<group>"; };
		2467A53529C36F77001470A3 /* Assets.xcassets */ = {isa = PBXFileReference; lastKnownFileType = folder.assetcatalog; path = Assets.xcassets; sourceTree = "<group>"; };
		2467A53829C36F77001470A3 /* Preview Assets.xcassets */ = {isa = PBXFileReference; lastKnownFileType = folder.assetcatalog; path = "Preview Assets.xcassets"; sourceTree = "<group>"; };
		2467A53A29C36F77001470A3 /* ModulbankInformer.entitlements */ = {isa = PBXFileReference; lastKnownFileType = text.plist.entitlements; path = ModulbankInformer.entitlements; sourceTree = "<group>"; };
		2467A53F29C36F77001470A3 /* ModulbankInformerTests.xctest */ = {isa = PBXFileReference; explicitFileType = wrapper.cfbundle; includeInIndex = 0; path = ModulbankInformerTests.xctest; sourceTree = BUILT_PRODUCTS_DIR; };
		2467A54329C36F77001470A3 /* ModelsTests.swift */ = {isa = PBXFileReference; lastKnownFileType = sourcecode.swift; path = ModelsTests.swift; sourceTree = "<group>"; };
		2467A54929C36F77001470A3 /* ModulbankInformerUITests.xctest */ = {isa = PBXFileReference; explicitFileType = wrapper.cfbundle; includeInIndex = 0; path = ModulbankInformerUITests.xctest; sourceTree = BUILT_PRODUCTS_DIR; };
		2467A54D29C36F77001470A3 /* ModulbankInformerUITests.swift */ = {isa = PBXFileReference; lastKnownFileType = sourcecode.swift; path = ModulbankInformerUITests.swift; sourceTree = "<group>"; };
		2467A54F29C36F77001470A3 /* ModulbankInformerUITestsLaunchTests.swift */ = {isa = PBXFileReference; lastKnownFileType = sourcecode.swift; path = ModulbankInformerUITestsLaunchTests.swift; sourceTree = "<group>"; };
		2467A55C29C36F99001470A3 /* APIStore.swift */ = {isa = PBXFileReference; lastKnownFileType = sourcecode.swift; path = APIStore.swift; sourceTree = "<group>"; };
		2467A55F29C3714A001470A3 /* BankAccount.swift */ = {isa = PBXFileReference; lastKnownFileType = sourcecode.swift; path = BankAccount.swift; sourceTree = "<group>"; };
		2467A56129C377F1001470A3 /* AccountInfo.swift */ = {isa = PBXFileReference; lastKnownFileType = sourcecode.swift; path = AccountInfo.swift; sourceTree = "<group>"; };
		2467A56329C380DB001470A3 /* Info.plist */ = {isa = PBXFileReference; lastKnownFileType = text.plist; path = Info.plist; sourceTree = "<group>"; };
/* End PBXFileReference section */

/* Begin PBXFrameworksBuildPhase section */
		2467A52B29C36F76001470A3 /* Frameworks */ = {
			isa = PBXFrameworksBuildPhase;
			buildActionMask = 2147483647;
			files = (
				240F23E529C46D2C00B01778 /* KeychainAccess in Frameworks */,
			);
			runOnlyForDeploymentPostprocessing = 0;
		};
		2467A53C29C36F77001470A3 /* Frameworks */ = {
			isa = PBXFrameworksBuildPhase;
			buildActionMask = 2147483647;
			files = (
			);
			runOnlyForDeploymentPostprocessing = 0;
		};
		2467A54629C36F77001470A3 /* Frameworks */ = {
			isa = PBXFrameworksBuildPhase;
			buildActionMask = 2147483647;
			files = (
			);
			runOnlyForDeploymentPostprocessing = 0;
		};
/* End PBXFrameworksBuildPhase section */

/* Begin PBXGroup section */
		2467A52529C36F76001470A3 = {
			isa = PBXGroup;
			children = (
				2467A53029C36F76001470A3 /* ModulbankInformer */,
				2467A54229C36F77001470A3 /* ModulbankInformerTests */,
				2467A54C29C36F77001470A3 /* ModulbankInformerUITests */,
				2467A52F29C36F76001470A3 /* Products */,
			);
			sourceTree = "<group>";
		};
		2467A52F29C36F76001470A3 /* Products */ = {
			isa = PBXGroup;
			children = (
				2467A52E29C36F76001470A3 /* ModulbankInformer.app */,
				2467A53F29C36F77001470A3 /* ModulbankInformerTests.xctest */,
				2467A54929C36F77001470A3 /* ModulbankInformerUITests.xctest */,
			);
			name = Products;
			sourceTree = "<group>";
		};
		2467A53029C36F76001470A3 /* ModulbankInformer */ = {
			isa = PBXGroup;
			children = (
				2467A56329C380DB001470A3 /* Info.plist */,
				2467A55E29C37125001470A3 /* Models */,
				2467A53129C36F76001470A3 /* ModulbankInformerApp.swift */,
				2467A55C29C36F99001470A3 /* APIStore.swift */,
				240F23E629C46D4200B01778 /* KeyStore.swift */,
				2467A53329C36F76001470A3 /* ContentView.swift */,
				2467A53529C36F77001470A3 /* Assets.xcassets */,
				2467A53A29C36F77001470A3 /* ModulbankInformer.entitlements */,
				2467A53729C36F77001470A3 /* Preview Content */,
			);
			path = ModulbankInformer;
			sourceTree = "<group>";
		};
		2467A53729C36F77001470A3 /* Preview Content */ = {
			isa = PBXGroup;
			children = (
				2467A53829C36F77001470A3 /* Preview Assets.xcassets */,
			);
			path = "Preview Content";
			sourceTree = "<group>";
		};
		2467A54229C36F77001470A3 /* ModulbankInformerTests */ = {
			isa = PBXGroup;
			children = (
				2467A54329C36F77001470A3 /* ModelsTests.swift */,
			);
			path = ModulbankInformerTests;
			sourceTree = "<group>";
		};
		2467A54C29C36F77001470A3 /* ModulbankInformerUITests */ = {
			isa = PBXGroup;
			children = (
				2467A54D29C36F77001470A3 /* ModulbankInformerUITests.swift */,
				2467A54F29C36F77001470A3 /* ModulbankInformerUITestsLaunchTests.swift */,
			);
			path = ModulbankInformerUITests;
			sourceTree = "<group>";
		};
		2467A55E29C37125001470A3 /* Models */ = {
			isa = PBXGroup;
			children = (
				2467A55F29C3714A001470A3 /* BankAccount.swift */,
				2467A56129C377F1001470A3 /* AccountInfo.swift */,
			);
			path = Models;
			sourceTree = "<group>";
		};
/* End PBXGroup section */

/* Begin PBXNativeTarget section */
		2467A52D29C36F76001470A3 /* ModulbankInformer */ = {
			isa = PBXNativeTarget;
			buildConfigurationList = 2467A55329C36F77001470A3 /* Build configuration list for PBXNativeTarget "ModulbankInformer" */;
			buildPhases = (
				2467A52A29C36F76001470A3 /* Sources */,
				2467A52B29C36F76001470A3 /* Frameworks */,
				2467A52C29C36F76001470A3 /* Resources */,
			);
			buildRules = (
			);
			dependencies = (
			);
			name = ModulbankInformer;
			packageProductDependencies = (
				240F23E429C46D2C00B01778 /* KeychainAccess */,
			);
			productName = ModulbankInformer;
			productReference = 2467A52E29C36F76001470A3 /* ModulbankInformer.app */;
			productType = "com.apple.product-type.application";
		};
		2467A53E29C36F77001470A3 /* ModulbankInformerTests */ = {
			isa = PBXNativeTarget;
			buildConfigurationList = 2467A55629C36F77001470A3 /* Build configuration list for PBXNativeTarget "ModulbankInformerTests" */;
			buildPhases = (
				2467A53B29C36F77001470A3 /* Sources */,
				2467A53C29C36F77001470A3 /* Frameworks */,
				2467A53D29C36F77001470A3 /* Resources */,
			);
			buildRules = (
			);
			dependencies = (
				2467A54129C36F77001470A3 /* PBXTargetDependency */,
			);
			name = ModulbankInformerTests;
			productName = ModulbankInformerTests;
			productReference = 2467A53F29C36F77001470A3 /* ModulbankInformerTests.xctest */;
			productType = "com.apple.product-type.bundle.unit-test";
		};
		2467A54829C36F77001470A3 /* ModulbankInformerUITests */ = {
			isa = PBXNativeTarget;
			buildConfigurationList = 2467A55929C36F77001470A3 /* Build configuration list for PBXNativeTarget "ModulbankInformerUITests" */;
			buildPhases = (
				2467A54529C36F77001470A3 /* Sources */,
				2467A54629C36F77001470A3 /* Frameworks */,
				2467A54729C36F77001470A3 /* Resources */,
			);
			buildRules = (
			);
			dependencies = (
				2467A54B29C36F77001470A3 /* PBXTargetDependency */,
			);
			name = ModulbankInformerUITests;
			productName = ModulbankInformerUITests;
			productReference = 2467A54929C36F77001470A3 /* ModulbankInformerUITests.xctest */;
			productType = "com.apple.product-type.bundle.ui-testing";
		};
/* End PBXNativeTarget section */

/* Begin PBXProject section */
		2467A52629C36F76001470A3 /* Project object */ = {
			isa = PBXProject;
			attributes = {
				BuildIndependentTargetsInParallel = 1;
				LastSwiftUpdateCheck = 1420;
				LastUpgradeCheck = 1500;
				TargetAttributes = {
					2467A52D29C36F76001470A3 = {
						CreatedOnToolsVersion = 14.2;
					};
					2467A53E29C36F77001470A3 = {
						CreatedOnToolsVersion = 14.2;
						TestTargetID = 2467A52D29C36F76001470A3;
					};
					2467A54829C36F77001470A3 = {
						CreatedOnToolsVersion = 14.2;
						TestTargetID = 2467A52D29C36F76001470A3;
					};
				};
			};
			buildConfigurationList = 2467A52929C36F76001470A3 /* Build configuration list for PBXProject "ModulbankInformer" */;
			compatibilityVersion = "Xcode 15.0";
			developmentRegion = en;
			hasScannedForEncodings = 0;
			knownRegions = (
				en,
				Base,
			);
			mainGroup = 2467A52529C36F76001470A3;
			packageReferences = (
				240F23E329C46D2C00B01778 /* XCRemoteSwiftPackageReference "KeychainAccess" */,
			);
			productRefGroup = 2467A52F29C36F76001470A3 /* Products */;
			projectDirPath = "";
			projectRoot = "";
			targets = (
				2467A52D29C36F76001470A3 /* ModulbankInformer */,
				2467A53E29C36F77001470A3 /* ModulbankInformerTests */,
				2467A54829C36F77001470A3 /* ModulbankInformerUITests */,
			);
		};
/* End PBXProject section */

/* Begin PBXResourcesBuildPhase section */
		2467A52C29C36F76001470A3 /* Resources */ = {
			isa = PBXResourcesBuildPhase;
			buildActionMask = 2147483647;
			files = (
				2467A53929C36F77001470A3 /* Preview Assets.xcassets in Resources */,
				2467A53629C36F77001470A3 /* Assets.xcassets in Resources */,
			);
			runOnlyForDeploymentPostprocessing = 0;
		};
		2467A53D29C36F77001470A3 /* Resources */ = {
			isa = PBXResourcesBuildPhase;
			buildActionMask = 2147483647;
			files = (
			);
			runOnlyForDeploymentPostprocessing = 0;
		};
		2467A54729C36F77001470A3 /* Resources */ = {
			isa = PBXResourcesBuildPhase;
			buildActionMask = 2147483647;
			files = (
			);
			runOnlyForDeploymentPostprocessing = 0;
		};
/* End PBXResourcesBuildPhase section */

/* Begin PBXSourcesBuildPhase section */
		2467A52A29C36F76001470A3 /* Sources */ = {
			isa = PBXSourcesBuildPhase;
			buildActionMask = 2147483647;
			files = (
				2467A55D29C36F99001470A3 /* APIStore.swift in Sources */,
				240F23E729C46D4200B01778 /* KeyStore.swift in Sources */,
				2467A56029C3714A001470A3 /* BankAccount.swift in Sources */,
				2467A56229C377F1001470A3 /* AccountInfo.swift in Sources */,
				2467A53429C36F76001470A3 /* ContentView.swift in Sources */,
				2467A53229C36F76001470A3 /* ModulbankInformerApp.swift in Sources */,
			);
			runOnlyForDeploymentPostprocessing = 0;
		};
		2467A53B29C36F77001470A3 /* Sources */ = {
			isa = PBXSourcesBuildPhase;
			buildActionMask = 2147483647;
			files = (
				2467A54429C36F77001470A3 /* ModelsTests.swift in Sources */,
			);
			runOnlyForDeploymentPostprocessing = 0;
		};
		2467A54529C36F77001470A3 /* Sources */ = {
			isa = PBXSourcesBuildPhase;
			buildActionMask = 2147483647;
			files = (
				2467A55029C36F77001470A3 /* ModulbankInformerUITestsLaunchTests.swift in Sources */,
				2467A54E29C36F77001470A3 /* ModulbankInformerUITests.swift in Sources */,
			);
			runOnlyForDeploymentPostprocessing = 0;
		};
/* End PBXSourcesBuildPhase section */

/* Begin PBXTargetDependency section */
		2467A54129C36F77001470A3 /* PBXTargetDependency */ = {
			isa = PBXTargetDependency;
			target = 2467A52D29C36F76001470A3 /* ModulbankInformer */;
			targetProxy = 2467A54029C36F77001470A3 /* PBXContainerItemProxy */;
		};
		2467A54B29C36F77001470A3 /* PBXTargetDependency */ = {
			isa = PBXTargetDependency;
			target = 2467A52D29C36F76001470A3 /* ModulbankInformer */;
			targetProxy = 2467A54A29C36F77001470A3 /* PBXContainerItemProxy */;
		};
/* End PBXTargetDependency section */

/* Begin XCBuildConfiguration section */
		2467A55129C36F77001470A3 /* Debug */ = {
			isa = XCBuildConfiguration;
			buildSettings = {
				ALWAYS_SEARCH_USER_PATHS = NO;
				ASSETCATALOG_COMPILER_GENERATE_SWIFT_ASSET_SYMBOL_EXTENSIONS = YES;
				CLANG_ANALYZER_NONNULL = YES;
				CLANG_ANALYZER_NUMBER_OBJECT_CONVERSION = YES_AGGRESSIVE;
				CLANG_CXX_LANGUAGE_STANDARD = "gnu++20";
				CLANG_ENABLE_MODULES = YES;
				CLANG_ENABLE_OBJC_ARC = YES;
				CLANG_ENABLE_OBJC_WEAK = YES;
				CLANG_WARN_BLOCK_CAPTURE_AUTORELEASING = YES;
				CLANG_WARN_BOOL_CONVERSION = YES;
				CLANG_WARN_COMMA = YES;
				CLANG_WARN_CONSTANT_CONVERSION = YES;
				CLANG_WARN_DEPRECATED_OBJC_IMPLEMENTATIONS = YES;
				CLANG_WARN_DIRECT_OBJC_ISA_USAGE = YES_ERROR;
				CLANG_WARN_DOCUMENTATION_COMMENTS = YES;
				CLANG_WARN_EMPTY_BODY = YES;
				CLANG_WARN_ENUM_CONVERSION = YES;
				CLANG_WARN_INFINITE_RECURSION = YES;
				CLANG_WARN_INT_CONVERSION = YES;
				CLANG_WARN_NON_LITERAL_NULL_CONVERSION = YES;
				CLANG_WARN_OBJC_IMPLICIT_RETAIN_SELF = YES;
				CLANG_WARN_OBJC_LITERAL_CONVERSION = YES;
				CLANG_WARN_OBJC_ROOT_CLASS = YES_ERROR;
				CLANG_WARN_QUOTED_INCLUDE_IN_FRAMEWORK_HEADER = YES;
				CLANG_WARN_RANGE_LOOP_ANALYSIS = YES;
				CLANG_WARN_STRICT_PROTOTYPES = YES;
				CLANG_WARN_SUSPICIOUS_MOVE = YES;
				CLANG_WARN_UNGUARDED_AVAILABILITY = YES_AGGRESSIVE;
				CLANG_WARN_UNREACHABLE_CODE = YES;
				CLANG_WARN__DUPLICATE_METHOD_MATCH = YES;
				COPY_PHASE_STRIP = NO;
				DEAD_CODE_STRIPPING = YES;
				DEBUG_INFORMATION_FORMAT = dwarf;
				ENABLE_STRICT_OBJC_MSGSEND = YES;
				ENABLE_TESTABILITY = YES;
				ENABLE_USER_SCRIPT_SANDBOXING = YES;
				GCC_C_LANGUAGE_STANDARD = gnu11;
				GCC_DYNAMIC_NO_PIC = NO;
				GCC_NO_COMMON_BLOCKS = YES;
				GCC_OPTIMIZATION_LEVEL = 0;
				GCC_PREPROCESSOR_DEFINITIONS = (
					"DEBUG=1",
					"$(inherited)",
				);
				GCC_WARN_64_TO_32_BIT_CONVERSION = YES;
				GCC_WARN_ABOUT_RETURN_TYPE = YES_ERROR;
				GCC_WARN_UNDECLARED_SELECTOR = YES;
				GCC_WARN_UNINITIALIZED_AUTOS = YES_AGGRESSIVE;
				GCC_WARN_UNUSED_FUNCTION = YES;
				GCC_WARN_UNUSED_VARIABLE = YES;
				MACOSX_DEPLOYMENT_TARGET = 13.1;
				MTL_ENABLE_DEBUG_INFO = INCLUDE_SOURCE;
				MTL_FAST_MATH = YES;
				ONLY_ACTIVE_ARCH = YES;
				SDKROOT = macosx;
				SWIFT_ACTIVE_COMPILATION_CONDITIONS = DEBUG;
				SWIFT_OPTIMIZATION_LEVEL = "-Onone";
			};
			name = Debug;
		};
		2467A55229C36F77001470A3 /* Release */ = {
			isa = XCBuildConfiguration;
			buildSettings = {
				ALWAYS_SEARCH_USER_PATHS = NO;
				ASSETCATALOG_COMPILER_GENERATE_SWIFT_ASSET_SYMBOL_EXTENSIONS = YES;
				CLANG_ANALYZER_NONNULL = YES;
				CLANG_ANALYZER_NUMBER_OBJECT_CONVERSION = YES_AGGRESSIVE;
				CLANG_CXX_LANGUAGE_STANDARD = "gnu++20";
				CLANG_ENABLE_MODULES = YES;
				CLANG_ENABLE_OBJC_ARC = YES;
				CLANG_ENABLE_OBJC_WEAK = YES;
				CLANG_WARN_BLOCK_CAPTURE_AUTORELEASING = YES;
				CLANG_WARN_BOOL_CONVERSION = YES;
				CLANG_WARN_COMMA = YES;
				CLANG_WARN_CONSTANT_CONVERSION = YES;
				CLANG_WARN_DEPRECATED_OBJC_IMPLEMENTATIONS = YES;
				CLANG_WARN_DIRECT_OBJC_ISA_USAGE = YES_ERROR;
				CLANG_WARN_DOCUMENTATION_COMMENTS = YES;
				CLANG_WARN_EMPTY_BODY = YES;
				CLANG_WARN_ENUM_CONVERSION = YES;
				CLANG_WARN_INFINITE_RECURSION = YES;
				CLANG_WARN_INT_CONVERSION = YES;
				CLANG_WARN_NON_LITERAL_NULL_CONVERSION = YES;
				CLANG_WARN_OBJC_IMPLICIT_RETAIN_SELF = YES;
				CLANG_WARN_OBJC_LITERAL_CONVERSION = YES;
				CLANG_WARN_OBJC_ROOT_CLASS = YES_ERROR;
				CLANG_WARN_QUOTED_INCLUDE_IN_FRAMEWORK_HEADER = YES;
				CLANG_WARN_RANGE_LOOP_ANALYSIS = YES;
				CLANG_WARN_STRICT_PROTOTYPES = YES;
				CLANG_WARN_SUSPICIOUS_MOVE = YES;
				CLANG_WARN_UNGUARDED_AVAILABILITY = YES_AGGRESSIVE;
				CLANG_WARN_UNREACHABLE_CODE = YES;
				CLANG_WARN__DUPLICATE_METHOD_MATCH = YES;
				COPY_PHASE_STRIP = NO;
				DEAD_CODE_STRIPPING = YES;
				DEBUG_INFORMATION_FORMAT = "dwarf-with-dsym";
				ENABLE_NS_ASSERTIONS = NO;
				ENABLE_STRICT_OBJC_MSGSEND = YES;
				ENABLE_USER_SCRIPT_SANDBOXING = YES;
				GCC_C_LANGUAGE_STANDARD = gnu11;
				GCC_NO_COMMON_BLOCKS = YES;
				GCC_WARN_64_TO_32_BIT_CONVERSION = YES;
				GCC_WARN_ABOUT_RETURN_TYPE = YES_ERROR;
				GCC_WARN_UNDECLARED_SELECTOR = YES;
				GCC_WARN_UNINITIALIZED_AUTOS = YES_AGGRESSIVE;
				GCC_WARN_UNUSED_FUNCTION = YES;
				GCC_WARN_UNUSED_VARIABLE = YES;
				MACOSX_DEPLOYMENT_TARGET = 13.1;
				MTL_ENABLE_DEBUG_INFO = NO;
				MTL_FAST_MATH = YES;
				SDKROOT = macosx;
				SWIFT_COMPILATION_MODE = wholemodule;
				SWIFT_OPTIMIZATION_LEVEL = "-O";
			};
			name = Release;
		};
		2467A55429C36F77001470A3 /* Debug */ = {
			isa = XCBuildConfiguration;
			buildSettings = {
				ASSETCATALOG_COMPILER_APPICON_NAME = AppIcon;
				ASSETCATALOG_COMPILER_GLOBAL_ACCENT_COLOR_NAME = AccentColor;
				CODE_SIGN_ENTITLEMENTS = ModulbankInformer/ModulbankInformer.entitlements;
				CODE_SIGN_STYLE = Automatic;
				COMBINE_HIDPI_IMAGES = YES;
				CURRENT_PROJECT_VERSION = 5;
				DEAD_CODE_STRIPPING = YES;
				DEVELOPMENT_ASSET_PATHS = "\"ModulbankInformer/Preview Content\"";
				DEVELOPMENT_TEAM = 345VKAJA5N;
				ENABLE_HARDENED_RUNTIME = YES;
				ENABLE_PREVIEWS = YES;
				GENERATE_INFOPLIST_FILE = YES;
				INFOPLIST_FILE = ModulbankInformer/Info.plist;
				INFOPLIST_KEY_CFBundleDisplayName = "Модульбанк Информер";
				INFOPLIST_KEY_LSApplicationCategoryType = "public.app-category.finance";
				INFOPLIST_KEY_NSHumanReadableCopyright = "";
				LD_RUNPATH_SEARCH_PATHS = (
					"$(inherited)",
					"@executable_path/../Frameworks",
				);
				MACOSX_DEPLOYMENT_TARGET = 13.0;
				MARKETING_VERSION = 1.2;
				PRODUCT_BUNDLE_IDENTIFIER = me.spaceinbox.ModulbankInformer;
				PRODUCT_NAME = "$(TARGET_NAME)";
				SWIFT_EMIT_LOC_STRINGS = YES;
				SWIFT_VERSION = 5.0;
			};
			name = Debug;
		};
		2467A55529C36F77001470A3 /* Release */ = {
			isa = XCBuildConfiguration;
			buildSettings = {
				ASSETCATALOG_COMPILER_APPICON_NAME = AppIcon;
				ASSETCATALOG_COMPILER_GLOBAL_ACCENT_COLOR_NAME = AccentColor;
				CODE_SIGN_ENTITLEMENTS = ModulbankInformer/ModulbankInformer.entitlements;
				CODE_SIGN_STYLE = Automatic;
				COMBINE_HIDPI_IMAGES = YES;
				CURRENT_PROJECT_VERSION = 5;
				DEAD_CODE_STRIPPING = YES;
				DEVELOPMENT_ASSET_PATHS = "\"ModulbankInformer/Preview Content\"";
				DEVELOPMENT_TEAM = 345VKAJA5N;
				ENABLE_HARDENED_RUNTIME = YES;
				ENABLE_PREVIEWS = YES;
				GENERATE_INFOPLIST_FILE = YES;
				INFOPLIST_FILE = ModulbankInformer/Info.plist;
				INFOPLIST_KEY_CFBundleDisplayName = "Модульбанк Информер";
				INFOPLIST_KEY_LSApplicationCategoryType = "public.app-category.finance";
				INFOPLIST_KEY_NSHumanReadableCopyright = "";
				LD_RUNPATH_SEARCH_PATHS = (
					"$(inherited)",
					"@executable_path/../Frameworks",
				);
				MACOSX_DEPLOYMENT_TARGET = 13.0;
				MARKETING_VERSION = 1.2;
				PRODUCT_BUNDLE_IDENTIFIER = me.spaceinbox.ModulbankInformer;
				PRODUCT_NAME = "$(TARGET_NAME)";
				SWIFT_EMIT_LOC_STRINGS = YES;
				SWIFT_VERSION = 5.0;
			};
			name = Release;
		};
		2467A55729C36F77001470A3 /* Debug */ = {
			isa = XCBuildConfiguration;
			buildSettings = {
				ALWAYS_EMBED_SWIFT_STANDARD_LIBRARIES = YES;
				BUNDLE_LOADER = "$(TEST_HOST)";
				CODE_SIGN_STYLE = Automatic;
				CURRENT_PROJECT_VERSION = 1;
				DEAD_CODE_STRIPPING = YES;
				DEVELOPMENT_TEAM = 345VKAJA5N;
				GENERATE_INFOPLIST_FILE = YES;
				MACOSX_DEPLOYMENT_TARGET = 13.1;
				MARKETING_VERSION = 1.0;
				PRODUCT_BUNDLE_IDENTIFIER = me.spaceinbox.ModulbankInformerTests;
				PRODUCT_NAME = "$(TARGET_NAME)";
				SWIFT_EMIT_LOC_STRINGS = NO;
				SWIFT_VERSION = 5.0;
				TEST_HOST = "$(BUILT_PRODUCTS_DIR)/ModulbankInformer.app/$(BUNDLE_EXECUTABLE_FOLDER_PATH)/ModulbankInformer";
			};
			name = Debug;
		};
		2467A55829C36F77001470A3 /* Release */ = {
			isa = XCBuildConfiguration;
			buildSettings = {
				ALWAYS_EMBED_SWIFT_STANDARD_LIBRARIES = YES;
				BUNDLE_LOADER = "$(TEST_HOST)";
				CODE_SIGN_STYLE = Automatic;
				CURRENT_PROJECT_VERSION = 1;
				DEAD_CODE_STRIPPING = YES;
				DEVELOPMENT_TEAM = 345VKAJA5N;
				GENERATE_INFOPLIST_FILE = YES;
				MACOSX_DEPLOYMENT_TARGET = 13.1;
				MARKETING_VERSION = 1.0;
				PRODUCT_BUNDLE_IDENTIFIER = me.spaceinbox.ModulbankInformerTests;
				PRODUCT_NAME = "$(TARGET_NAME)";
				SWIFT_EMIT_LOC_STRINGS = NO;
				SWIFT_VERSION = 5.0;
				TEST_HOST = "$(BUILT_PRODUCTS_DIR)/ModulbankInformer.app/$(BUNDLE_EXECUTABLE_FOLDER_PATH)/ModulbankInformer";
			};
			name = Release;
		};
		2467A55A29C36F77001470A3 /* Debug */ = {
			isa = XCBuildConfiguration;
			buildSettings = {
				ALWAYS_EMBED_SWIFT_STANDARD_LIBRARIES = YES;
				CODE_SIGN_STYLE = Automatic;
				CURRENT_PROJECT_VERSION = 1;
				DEAD_CODE_STRIPPING = YES;
				DEVELOPMENT_TEAM = 345VKAJA5N;
				GENERATE_INFOPLIST_FILE = YES;
				MARKETING_VERSION = 1.0;
				PRODUCT_BUNDLE_IDENTIFIER = me.spaceinbox.ModulbankInformerUITests;
				PRODUCT_NAME = "$(TARGET_NAME)";
				SWIFT_EMIT_LOC_STRINGS = NO;
				SWIFT_VERSION = 5.0;
				TEST_TARGET_NAME = ModulbankInformer;
			};
			name = Debug;
		};
		2467A55B29C36F77001470A3 /* Release */ = {
			isa = XCBuildConfiguration;
			buildSettings = {
				ALWAYS_EMBED_SWIFT_STANDARD_LIBRARIES = YES;
				CODE_SIGN_STYLE = Automatic;
				CURRENT_PROJECT_VERSION = 1;
				DEAD_CODE_STRIPPING = YES;
				DEVELOPMENT_TEAM = 345VKAJA5N;
				GENERATE_INFOPLIST_FILE = YES;
				MARKETING_VERSION = 1.0;
				PRODUCT_BUNDLE_IDENTIFIER = me.spaceinbox.ModulbankInformerUITests;
				PRODUCT_NAME = "$(TARGET_NAME)";
				SWIFT_EMIT_LOC_STRINGS = NO;
				SWIFT_VERSION = 5.0;
				TEST_TARGET_NAME = ModulbankInformer;
			};
			name = Release;
		};
/* End XCBuildConfiguration section */

/* Begin XCConfigurationList section */
		2467A52929C36F76001470A3 /* Build configuration list for PBXProject "ModulbankInformer" */ = {
			isa = XCConfigurationList;
			buildConfigurations = (
				2467A55129C36F77001470A3 /* Debug */,
				2467A55229C36F77001470A3 /* Release */,
			);
			defaultConfigurationIsVisible = 0;
			defaultConfigurationName = Release;
		};
		2467A55329C36F77001470A3 /* Build configuration list for PBXNativeTarget "ModulbankInformer" */ = {
			isa = XCConfigurationList;
			buildConfigurations = (
				2467A55429C36F77001470A3 /* Debug */,
				2467A55529C36F77001470A3 /* Release */,
			);
			defaultConfigurationIsVisible = 0;
			defaultConfigurationName = Release;
		};
		2467A55629C36F77001470A3 /* Build configuration list for PBXNativeTarget "ModulbankInformerTests" */ = {
			isa = XCConfigurationList;
			buildConfigurations = (
				2467A55729C36F77001470A3 /* Debug */,
				2467A55829C36F77001470A3 /* Release */,
			);
			defaultConfigurationIsVisible = 0;
			defaultConfigurationName = Release;
		};
		2467A55929C36F77001470A3 /* Build configuration list for PBXNativeTarget "ModulbankInformerUITests" */ = {
			isa = XCConfigurationList;
			buildConfigurations = (
				2467A55A29C36F77001470A3 /* Debug */,
				2467A55B29C36F77001470A3 /* Release */,
			);
			defaultConfigurationIsVisible = 0;
			defaultConfigurationName = Release;
		};
/* End XCConfigurationList section */

/* Begin XCRemoteSwiftPackageReference section */
		240F23E329C46D2C00B01778 /* XCRemoteSwiftPackageReference "KeychainAccess" */ = {
			isa = XCRemoteSwiftPackageReference;
			repositoryURL = "https://github.com/kishikawakatsumi/KeychainAccess";
			requirement = {
				branch = master;
				kind = branch;
			};
		};
/* End XCRemoteSwiftPackageReference section */

/* Begin XCSwiftPackageProductDependency section */
		240F23E429C46D2C00B01778 /* KeychainAccess */ = {
			isa = XCSwiftPackageProductDependency;
			package = 240F23E329C46D2C00B01778 /* XCRemoteSwiftPackageReference "KeychainAccess" */;
			productName = KeychainAccess;
		};
/* End XCSwiftPackageProductDependency section */
	};
	rootObject = 2467A52629C36F76001470A3 /* Project object */;
}
